
Microsoft Visual Studio Solution File, Format Version 12.00
# Visual Studio Version 17
VisualStudioVersion = 17.8.34525.116
MinimumVisualStudioVersion = 10.0.40219.1
Project("{FAE04EC0-301F-11D3-BF4B-00C04F79EFBC}") = "DuAn1_Fpoly", "DuAn1_Fpoly\DuAn1_Fpoly.csproj", "{ACE6677E-1FA1-458D-8F5F-D05E01F1A04D}"
EndProject
Global
	GlobalSection(SolutionConfigurationPlatforms) = preSolution
		Debug|Any CPU = Debug|Any CPU
		Release|Any CPU = Release|Any CPU
	EndGlobalSection
	GlobalSection(ProjectConfigurationPlatforms) = postSolution
		{ACE6677E-1FA1-458D-8F5F-D05E01F1A04D}.Debug|Any CPU.ActiveCfg = Debug|Any CPU
		{ACE6677E-1FA1-458D-8F5F-D05E01F1A04D}.Debug|Any CPU.Build.0 = Debug|Any CPU
		{ACE6677E-1FA1-458D-8F5F-D05E01F1A04D}.Release|Any CPU.ActiveCfg = Release|Any CPU
		{ACE6677E-1FA1-458D-8F5F-D05E01F1A04D}.Release|Any CPU.Build.0 = Release|Any CPU
	EndGlobalSection
	GlobalSection(SolutionProperties) = preSolution
		HideSolutionNode = FALSE
	EndGlobalSection
	GlobalSection(ExtensibilityGlobals) = postSolution
		SolutionGuid = {A0D633BA-4972-452A-9B2A-999EA640EA62}
	EndGlobalSection
EndGlobal
